
Microsoft Visual Studio Solution File, Format Version 12.00
# Visual Studio Version 17
VisualStudioVersion = 17.10.34916.146
MinimumVisualStudioVersion = 10.0.40219.1
Project("{FAE04EC0-301F-11D3-BF4B-00C04F79EFBC}") = "EntradaDeDados2", "EntradaDeDados2.csproj", "{20CB986A-E729-47A2-9A44-B9368FC20295}"
EndProject
Global
	GlobalSection(SolutionConfigurationPlatforms) = preSolution
		Debug|Any CPU = Debug|Any CPU
		Release|Any CPU = Release|Any CPU
	EndGlobalSection
	GlobalSection(ProjectConfigurationPlatforms) = postSolution
		{20CB986A-E729-47A2-9A44-B9368FC20295}.Debug|Any CPU.ActiveCfg = Debug|Any CPU
		{20CB986A-E729-47A2-9A44-B9368FC20295}.Debug|Any CPU.Build.0 = Debug|Any CPU
		{20CB986A-E729-47A2-9A44-B9368FC20295}.Release|Any CPU.ActiveCfg = Release|Any CPU
		{20CB986A-E729-47A2-9A44-B9368FC20295}.Release|Any CPU.Build.0 = Release|Any CPU
	EndGlobalSection
	GlobalSection(SolutionProperties) = preSolution
		HideSolutionNode = FALSE
	EndGlobalSection
	GlobalSection(ExtensibilityGlobals) = postSolution
		SolutionGuid = {04959CAB-B703-4141-903F-C674B4C036C1}
	EndGlobalSection
EndGlobal
