
Microsoft Visual Studio Solution File, Format Version 12.00
# Visual Studio Version 17
VisualStudioVersion = 17.10.34916.146
MinimumVisualStudioVersion = 10.0.40219.1
Project("{FAE04EC0-301F-11D3-BF4B-00C04F79EFBC}") = "saudacao", "saudacao.csproj", "{8DDED78A-F3EB-403D-A9E9-98A4BCB42803}"
EndProject
Global
	GlobalSection(SolutionConfigurationPlatforms) = preSolution
		Debug|Any CPU = Debug|Any CPU
		Release|Any CPU = Release|Any CPU
	EndGlobalSection
	GlobalSection(ProjectConfigurationPlatforms) = postSolution
		{8DDED78A-F3EB-403D-A9E9-98A4BCB42803}.Debug|Any CPU.ActiveCfg = Debug|Any CPU
		{8DDED78A-F3EB-403D-A9E9-98A4BCB42803}.Debug|Any CPU.Build.0 = Debug|Any CPU
		{8DDED78A-F3EB-403D-A9E9-98A4BCB42803}.Release|Any CPU.ActiveCfg = Release|Any CPU
		{8DDED78A-F3EB-403D-A9E9-98A4BCB42803}.Release|Any CPU.Build.0 = Release|Any CPU
	EndGlobalSection
	GlobalSection(SolutionProperties) = preSolution
		HideSolutionNode = FALSE
	EndGlobalSection
	GlobalSection(ExtensibilityGlobals) = postSolution
		SolutionGuid = {E2179BA2-D7E5-4AD8-B3DB-EABA07B6D296}
	EndGlobalSection
EndGlobal
