
Microsoft Visual Studio Solution File, Format Version 12.00
# Visual Studio Version 17
VisualStudioVersion = 17.10.34916.146
MinimumVisualStudioVersion = 10.0.40219.1
Project("{FAE04EC0-301F-11D3-BF4B-00C04F79EFBC}") = "metodosNaClasse", "metodosNaClasse.csproj", "{090BA8C7-754E-47C7-A0A5-EDFEEF1E6BC6}"
EndProject
Global
	GlobalSection(SolutionConfigurationPlatforms) = preSolution
		Debug|Any CPU = Debug|Any CPU
		Release|Any CPU = Release|Any CPU
	EndGlobalSection
	GlobalSection(ProjectConfigurationPlatforms) = postSolution
		{090BA8C7-754E-47C7-A0A5-EDFEEF1E6BC6}.Debug|Any CPU.ActiveCfg = Debug|Any CPU
		{090BA8C7-754E-47C7-A0A5-EDFEEF1E6BC6}.Debug|Any CPU.Build.0 = Debug|Any CPU
		{090BA8C7-754E-47C7-A0A5-EDFEEF1E6BC6}.Release|Any CPU.ActiveCfg = Release|Any CPU
		{090BA8C7-754E-47C7-A0A5-EDFEEF1E6BC6}.Release|Any CPU.Build.0 = Release|Any CPU
	EndGlobalSection
	GlobalSection(SolutionProperties) = preSolution
		HideSolutionNode = FALSE
	EndGlobalSection
	GlobalSection(ExtensibilityGlobals) = postSolution
		SolutionGuid = {C2ED9BAB-9B8F-4FF9-BD7C-0D90A60D45B6}
	EndGlobalSection
EndGlobal
